
Microsoft Visual Studio Solution File, Format Version 12.00
# Visual Studio 15
VisualStudioVersion = 15.0.28307.1022
MinimumVisualStudioVersion = 10.0.40219.1
Project("{8BC9CEB8-8B4A-11D0-8D11-00A0C91BC942}") = "FileSystemStatistics", "FileSystemStatistics.vcxproj", "{5B1E4A33-3522-4420-B7E6-E66EAE804D28}"
EndProject
Global
	GlobalSection(SolutionConfigurationPlatforms) = preSolution
		Debug|x64 = Debug|x64
		Release|x64 = Release|x64
	EndGlobalSection
	GlobalSection(ProjectConfigurationPlatforms) = postSolution
		{5B1E4A33-3522-4420-B7E6-E66EAE804D28}.Debug|x64.ActiveCfg = Debug|x64
		{5B1E4A33-3522-4420-B7E6-E66EAE804D28}.Debug|x64.Build.0 = Debug|x64
		{5B1E4A33-3522-4420-B7E6-E66EAE804D28}.Release|x64.ActiveCfg = Release|x64
		{5B1E4A33-3522-4420-B7E6-E66EAE804D28}.Release|x64.Build.0 = Release|x64
	EndGlobalSection
	GlobalSection(SolutionProperties) = preSolution
		HideSolutionNode = FALSE
	EndGlobalSection
	GlobalSection(ExtensibilityGlobals) = postSolution
		SolutionGuid = {9F90D22C-883C-42CF-A606-67A4D8FA72DE}
	EndGlobalSection
EndGlobal
